
Microsoft Visual Studio Solution File, Format Version 12.00
# Visual Studio Version 16
VisualStudioVersion = 16.0.31829.152
MinimumVisualStudioVersion = 10.0.40219.1
Project("{9A19103F-16F7-4668-BE54-9A1E7A4F7556}") = "Task1_NetCoreConsoleApp", "Task1_NetCoreConsoleApp\Task1_NetCoreConsoleApp.csproj", "{16196E4C-0A3B-46A1-B35A-F7A8DB1DB72D}"
EndProject
Project("{FAE04EC0-301F-11D3-BF4B-00C04F79EFBC}") = "Task1_WpfApp", "WpfApp\Task1_WpfApp.csproj", "{00927FE5-09FD-46AE-8FD2-D68FE2088C81}"
EndProject
Project("{9A19103F-16F7-4668-BE54-9A1E7A4F7556}") = "ClassLibrary", "ClassLibrary\ClassLibrary.csproj", "{530A566C-2D81-4C84-94BB-2E492100847A}"
EndProject
Project("{FAE04EC0-301F-11D3-BF4B-00C04F79EFBC}") = "XamarinApp", "XamarinApp\XamarinApp.csproj", "{2AE01E1E-85DB-47E1-8989-564A0CC3F4ED}"
EndProject
Global
	GlobalSection(SolutionConfigurationPlatforms) = preSolution
		Debug|Any CPU = Debug|Any CPU
		Debug|iPhone = Debug|iPhone
		Debug|iPhoneSimulator = Debug|iPhoneSimulator
		Release|Any CPU = Release|Any CPU
		Release|iPhone = Release|iPhone
		Release|iPhoneSimulator = Release|iPhoneSimulator
	EndGlobalSection
	GlobalSection(ProjectConfigurationPlatforms) = postSolution
		{16196E4C-0A3B-46A1-B35A-F7A8DB1DB72D}.Debug|Any CPU.ActiveCfg = Debug|Any CPU
		{16196E4C-0A3B-46A1-B35A-F7A8DB1DB72D}.Debug|Any CPU.Build.0 = Debug|Any CPU
		{16196E4C-0A3B-46A1-B35A-F7A8DB1DB72D}.Debug|iPhone.ActiveCfg = Debug|Any CPU
		{16196E4C-0A3B-46A1-B35A-F7A8DB1DB72D}.Debug|iPhone.Build.0 = Debug|Any CPU
		{16196E4C-0A3B-46A1-B35A-F7A8DB1DB72D}.Debug|iPhoneSimulator.ActiveCfg = Debug|Any CPU
		{16196E4C-0A3B-46A1-B35A-F7A8DB1DB72D}.Debug|iPhoneSimulator.Build.0 = Debug|Any CPU
		{16196E4C-0A3B-46A1-B35A-F7A8DB1DB72D}.Release|Any CPU.ActiveCfg = Release|Any CPU
		{16196E4C-0A3B-46A1-B35A-F7A8DB1DB72D}.Release|Any CPU.Build.0 = Release|Any CPU
		{16196E4C-0A3B-46A1-B35A-F7A8DB1DB72D}.Release|iPhone.ActiveCfg = Release|Any CPU
		{16196E4C-0A3B-46A1-B35A-F7A8DB1DB72D}.Release|iPhone.Build.0 = Release|Any CPU
		{16196E4C-0A3B-46A1-B35A-F7A8DB1DB72D}.Release|iPhoneSimulator.ActiveCfg = Release|Any CPU
		{16196E4C-0A3B-46A1-B35A-F7A8DB1DB72D}.Release|iPhoneSimulator.Build.0 = Release|Any CPU
		{00927FE5-09FD-46AE-8FD2-D68FE2088C81}.Debug|Any CPU.ActiveCfg = Debug|Any CPU
		{00927FE5-09FD-46AE-8FD2-D68FE2088C81}.Debug|Any CPU.Build.0 = Debug|Any CPU
		{00927FE5-09FD-46AE-8FD2-D68FE2088C81}.Debug|iPhone.ActiveCfg = Debug|Any CPU
		{00927FE5-09FD-46AE-8FD2-D68FE2088C81}.Debug|iPhone.Build.0 = Debug|Any CPU
		{00927FE5-09FD-46AE-8FD2-D68FE2088C81}.Debug|iPhoneSimulator.ActiveCfg = Debug|Any CPU
		{00927FE5-09FD-46AE-8FD2-D68FE2088C81}.Debug|iPhoneSimulator.Build.0 = Debug|Any CPU
		{00927FE5-09FD-46AE-8FD2-D68FE2088C81}.Release|Any CPU.ActiveCfg = Release|Any CPU
		{00927FE5-09FD-46AE-8FD2-D68FE2088C81}.Release|Any CPU.Build.0 = Release|Any CPU
		{00927FE5-09FD-46AE-8FD2-D68FE2088C81}.Release|iPhone.ActiveCfg = Release|Any CPU
		{00927FE5-09FD-46AE-8FD2-D68FE2088C81}.Release|iPhone.Build.0 = Release|Any CPU
		{00927FE5-09FD-46AE-8FD2-D68FE2088C81}.Release|iPhoneSimulator.ActiveCfg = Release|Any CPU
		{00927FE5-09FD-46AE-8FD2-D68FE2088C81}.Release|iPhoneSimulator.Build.0 = Release|Any CPU
		{530A566C-2D81-4C84-94BB-2E492100847A}.Debug|Any CPU.ActiveCfg = Debug|Any CPU
		{530A566C-2D81-4C84-94BB-2E492100847A}.Debug|Any CPU.Build.0 = Debug|Any CPU
		{530A566C-2D81-4C84-94BB-2E492100847A}.Debug|iPhone.ActiveCfg = Debug|Any CPU
		{530A566C-2D81-4C84-94BB-2E492100847A}.Debug|iPhone.Build.0 = Debug|Any CPU
		{530A566C-2D81-4C84-94BB-2E492100847A}.Debug|iPhoneSimulator.ActiveCfg = Debug|Any CPU
		{530A566C-2D81-4C84-94BB-2E492100847A}.Debug|iPhoneSimulator.Build.0 = Debug|Any CPU
		{530A566C-2D81-4C84-94BB-2E492100847A}.Release|Any CPU.ActiveCfg = Release|Any CPU
		{530A566C-2D81-4C84-94BB-2E492100847A}.Release|Any CPU.Build.0 = Release|Any CPU
		{530A566C-2D81-4C84-94BB-2E492100847A}.Release|iPhone.ActiveCfg = Release|Any CPU
		{530A566C-2D81-4C84-94BB-2E492100847A}.Release|iPhone.Build.0 = Release|Any CPU
		{530A566C-2D81-4C84-94BB-2E492100847A}.Release|iPhoneSimulator.ActiveCfg = Release|Any CPU
		{530A566C-2D81-4C84-94BB-2E492100847A}.Release|iPhoneSimulator.Build.0 = Release|Any CPU
		{2AE01E1E-85DB-47E1-8989-564A0CC3F4ED}.Debug|Any CPU.ActiveCfg = Debug|Any CPU
		{2AE01E1E-85DB-47E1-8989-564A0CC3F4ED}.Debug|Any CPU.Build.0 = Debug|Any CPU
		{2AE01E1E-85DB-47E1-8989-564A0CC3F4ED}.Debug|Any CPU.Deploy.0 = Debug|Any CPU
		{2AE01E1E-85DB-47E1-8989-564A0CC3F4ED}.Debug|iPhone.ActiveCfg = Debug|Any CPU
		{2AE01E1E-85DB-47E1-8989-564A0CC3F4ED}.Debug|iPhone.Build.0 = Debug|Any CPU
		{2AE01E1E-85DB-47E1-8989-564A0CC3F4ED}.Debug|iPhone.Deploy.0 = Debug|Any CPU
		{2AE01E1E-85DB-47E1-8989-564A0CC3F4ED}.Debug|iPhoneSimulator.ActiveCfg = Debug|Any CPU
		{2AE01E1E-85DB-47E1-8989-564A0CC3F4ED}.Debug|iPhoneSimulator.Build.0 = Debug|Any CPU
		{2AE01E1E-85DB-47E1-8989-564A0CC3F4ED}.Debug|iPhoneSimulator.Deploy.0 = Debug|Any CPU
		{2AE01E1E-85DB-47E1-8989-564A0CC3F4ED}.Release|Any CPU.ActiveCfg = Release|Any CPU
		{2AE01E1E-85DB-47E1-8989-564A0CC3F4ED}.Release|Any CPU.Build.0 = Release|Any CPU
		{2AE01E1E-85DB-47E1-8989-564A0CC3F4ED}.Release|Any CPU.Deploy.0 = Release|Any CPU
		{2AE01E1E-85DB-47E1-8989-564A0CC3F4ED}.Release|iPhone.ActiveCfg = Release|Any CPU
		{2AE01E1E-85DB-47E1-8989-564A0CC3F4ED}.Release|iPhone.Build.0 = Release|Any CPU
		{2AE01E1E-85DB-47E1-8989-564A0CC3F4ED}.Release|iPhone.Deploy.0 = Release|Any CPU
		{2AE01E1E-85DB-47E1-8989-564A0CC3F4ED}.Release|iPhoneSimulator.ActiveCfg = Release|Any CPU
		{2AE01E1E-85DB-47E1-8989-564A0CC3F4ED}.Release|iPhoneSimulator.Build.0 = Release|Any CPU
		{2AE01E1E-85DB-47E1-8989-564A0CC3F4ED}.Release|iPhoneSimulator.Deploy.0 = Release|Any CPU
	EndGlobalSection
	GlobalSection(SolutionProperties) = preSolution
		HideSolutionNode = FALSE
	EndGlobalSection
	GlobalSection(ExtensibilityGlobals) = postSolution
		SolutionGuid = {03A9A3BF-7A3E-4DF3-A841-9F0754BDF984}
	EndGlobalSection
EndGlobal
